
Microsoft Visual Studio Solution File, Format Version 12.00
# Visual Studio Version 17
VisualStudioVersion = 17.13.35931.197
MinimumVisualStudioVersion = 10.0.40219.1
Project("{FAE04EC0-301F-11D3-BF4B-00C04F79EFBC}") = "TodoAPI", "TodoAPI\TodoAPI.csproj", "{35044C4F-A186-4E64-A390-BA4089DD15CC}"
EndProject
Global
	GlobalSection(SolutionConfigurationPlatforms) = preSolution
		Debug|Any CPU = Debug|Any CPU
		Release|Any CPU = Release|Any CPU
	EndGlobalSection
	GlobalSection(ProjectConfigurationPlatforms) = postSolution
		{35044C4F-A186-4E64-A390-BA4089DD15CC}.Debug|Any CPU.ActiveCfg = Debug|Any CPU
		{35044C4F-A186-4E64-A390-BA4089DD15CC}.Debug|Any CPU.Build.0 = Debug|Any CPU
		{35044C4F-A186-4E64-A390-BA4089DD15CC}.Release|Any CPU.ActiveCfg = Release|Any CPU
		{35044C4F-A186-4E64-A390-BA4089DD15CC}.Release|Any CPU.Build.0 = Release|Any CPU
	EndGlobalSection
	GlobalSection(SolutionProperties) = preSolution
		HideSolutionNode = FALSE
	EndGlobalSection
	GlobalSection(ExtensibilityGlobals) = postSolution
		SolutionGuid = {3CF1BF6F-F55E-480F-9A49-C40CAEEFDCAA}
	EndGlobalSection
EndGlobal
